
Microsoft Visual Studio Solution File, Format Version 12.00
# Visual Studio Version 17
VisualStudioVersion = 17.0.31825.309
MinimumVisualStudioVersion = 10.0.40219.1
Project("{9A19103F-16F7-4668-BE54-9A1E7A4F7556}") = "BackpUk", "BackpUk\BackpUk.csproj", "{2DEA6DDC-791D-445E-BDF7-B930AE4B353E}"
EndProject
Project("{9A19103F-16F7-4668-BE54-9A1E7A4F7556}") = "BackpUkUI", "BackpUkUI\BackpUkUI.csproj", "{21E9C008-A77A-4C7E-9A90-A61EDF6D8CD0}"
EndProject
Project("{D954291E-2A0B-460D-934E-DC6B0785DB48}") = "Config", "Config\Config.shproj", "{A4EF145E-1DA8-4A7F-90E7-8880910A4728}"
EndProject
Global
	GlobalSection(SharedMSBuildProjectFiles) = preSolution
		Config\Config.projitems*{2dea6ddc-791d-445e-bdf7-b930ae4b353e}*SharedItemsImports = 5
		Config\Config.projitems*{a4ef145e-1da8-4a7f-90e7-8880910a4728}*SharedItemsImports = 13
	EndGlobalSection
	GlobalSection(SolutionConfigurationPlatforms) = preSolution
		Debug|Any CPU = Debug|Any CPU
		Release|Any CPU = Release|Any CPU
	EndGlobalSection
	GlobalSection(ProjectConfigurationPlatforms) = postSolution
		{2DEA6DDC-791D-445E-BDF7-B930AE4B353E}.Debug|Any CPU.ActiveCfg = Debug|Any CPU
		{2DEA6DDC-791D-445E-BDF7-B930AE4B353E}.Debug|Any CPU.Build.0 = Debug|Any CPU
		{2DEA6DDC-791D-445E-BDF7-B930AE4B353E}.Release|Any CPU.ActiveCfg = Release|Any CPU
		{2DEA6DDC-791D-445E-BDF7-B930AE4B353E}.Release|Any CPU.Build.0 = Release|Any CPU
		{21E9C008-A77A-4C7E-9A90-A61EDF6D8CD0}.Debug|Any CPU.ActiveCfg = Debug|Any CPU
		{21E9C008-A77A-4C7E-9A90-A61EDF6D8CD0}.Debug|Any CPU.Build.0 = Debug|Any CPU
		{21E9C008-A77A-4C7E-9A90-A61EDF6D8CD0}.Release|Any CPU.ActiveCfg = Release|Any CPU
		{21E9C008-A77A-4C7E-9A90-A61EDF6D8CD0}.Release|Any CPU.Build.0 = Release|Any CPU
	EndGlobalSection
	GlobalSection(SolutionProperties) = preSolution
		HideSolutionNode = FALSE
	EndGlobalSection
	GlobalSection(ExtensibilityGlobals) = postSolution
		SolutionGuid = {B5A4768A-D167-49A1-B240-9968E63A0875}
	EndGlobalSection
EndGlobal
